{
  "name": "flexible",
  "version": "0.1.0",
  "lockfileVersion": 1,
  "requires": true,
  "dependencies": {
    "highcharts": {
      "version": "6.1.1",
      "resolved": "https://registry.npmjs.org/highcharts/-/highcharts-6.1.1.tgz",
      "integrity": "sha512-etFYUPb+CwG9mrTb08IS4k3XGXs94xSA9vNF1yTJLxL/rw6t9U0InrcMRKG7IVNc5MolMXOPAPCdkuzKXV3Gng=="
    }
  }
}
